// !$*UTF8*$!
{
	archiveVersion = 1;
	classes = {
	};
	objectVersion = 48;
	objects = {

/* Begin PBXBuildFile section */
		1604138F218478CB0057D60C /* MyProductCell.swift in Sources */ = {isa = PBXBuildFile; fileRef = 1604138E218478CB0057D60C /* MyProductCell.swift */; };
		1604139121847A0B0057D60C /* MyProductVC.swift in Sources */ = {isa = PBXBuildFile; fileRef = 1604139021847A0B0057D60C /* MyProductVC.swift */; };
		1606D7FE217A3373005278D4 /* ChangePassWordVC.swift in Sources */ = {isa = PBXBuildFile; fileRef = 1606D7FD217A3373005278D4 /* ChangePassWordVC.swift */; };
		1607BB982189D93100A6498F /* SubOrderVC.swift in Sources */ = {isa = PBXBuildFile; fileRef = 1607BB972189D93100A6498F /* SubOrderVC.swift */; };
		1607BB9A2189DC3400A6498F /* superOrderCell.swift in Sources */ = {isa = PBXBuildFile; fileRef = 1607BB992189DC3400A6498F /* superOrderCell.swift */; };
		1607BB9C2189DEDB00A6498F /* SuperOrder.swift in Sources */ = {isa = PBXBuildFile; fileRef = 1607BB9B2189DEDB00A6498F /* SuperOrder.swift */; };
		16080E272184C0A3007A7A6B /* BasketCell.swift in Sources */ = {isa = PBXBuildFile; fileRef = 16080E262184C0A3007A7A6B /* BasketCell.swift */; };
		16080E292184C149007A7A6B /* BasketVC.swift in Sources */ = {isa = PBXBuildFile; fileRef = 16080E282184C149007A7A6B /* BasketVC.swift */; };
		16083A41217E06AC00A1AB8A /* UpdateJobsVC.swift in Sources */ = {isa = PBXBuildFile; fileRef = 16083A40217E06AC00A1AB8A /* UpdateJobsVC.swift */; };
		16083A43217E085800A1AB8A /* StatusCell.swift in Sources */ = {isa = PBXBuildFile; fileRef = 16083A42217E085800A1AB8A /* StatusCell.swift */; };
		160AE2CF218092550076074C /* OrderVC.swift in Sources */ = {isa = PBXBuildFile; fileRef = 160AE2CE218092550076074C /* OrderVC.swift */; };
		160AE2D1218093980076074C /* subOrderCell.swift in Sources */ = {isa = PBXBuildFile; fileRef = 160AE2D0218093980076074C /* subOrderCell.swift */; };
		160AE2D3218096CD0076074C /* Order.swift in Sources */ = {isa = PBXBuildFile; fileRef = 160AE2D2218096CD0076074C /* Order.swift */; };
		160F9DB42189C2A40022C829 /* SubOrder.swift in Sources */ = {isa = PBXBuildFile; fileRef = 160F9DB32189C2A40022C829 /* SubOrder.swift */; };
		16159EA2217B2F3F0093B5AF /* HomeproductCell.swift in Sources */ = {isa = PBXBuildFile; fileRef = 16159EA1217B2F3F0093B5AF /* HomeproductCell.swift */; };
		16159EA4217B321D0093B5AF /* Product.swift in Sources */ = {isa = PBXBuildFile; fileRef = 16159EA3217B321D0093B5AF /* Product.swift */; };
		1616EA4F21762D3100373D16 /* LogInVC.swift in Sources */ = {isa = PBXBuildFile; fileRef = 1616EA4E21762D3100373D16 /* LogInVC.swift */; };
		1618641321761235000EABAA /* AppDelegate.swift in Sources */ = {isa = PBXBuildFile; fileRef = 1618641221761235000EABAA /* AppDelegate.swift */; };
		1618641521761235000EABAA /* ViewController.swift in Sources */ = {isa = PBXBuildFile; fileRef = 1618641421761235000EABAA /* ViewController.swift */; };
		1618641821761235000EABAA /* Main.storyboard in Resources */ = {isa = PBXBuildFile; fileRef = 1618641621761235000EABAA /* Main.storyboard */; };
		1618641A21761235000EABAA /* Assets.xcassets in Resources */ = {isa = PBXBuildFile; fileRef = 1618641921761235000EABAA /* Assets.xcassets */; };
		1618641D21761235000EABAA /* LaunchScreen.storyboard in Resources */ = {isa = PBXBuildFile; fileRef = 1618641B21761235000EABAA /* LaunchScreen.storyboard */; };
		1618642821761339000EABAA /* Localizable.strings in Resources */ = {isa = PBXBuildFile; fileRef = 1618642A21761339000EABAA /* Localizable.strings */; };
		161864352176138A000EABAA /* LocalizationSystem.swift in Sources */ = {isa = PBXBuildFile; fileRef = 161864342176138A000EABAA /* LocalizationSystem.swift */; };
		1618643E2176198D000EABAA /* ChooseSignupVC.swift in Sources */ = {isa = PBXBuildFile; fileRef = 1618643D2176198D000EABAA /* ChooseSignupVC.swift */; };
		161864402176199E000EABAA /* User.swift in Sources */ = {isa = PBXBuildFile; fileRef = 1618643F2176199E000EABAA /* User.swift */; };
		1618644321761CF9000EABAA /* Helper.swift in Sources */ = {isa = PBXBuildFile; fileRef = 1618644221761CF9000EABAA /* Helper.swift */; };
		161E5DF7218877650038C44A /* MainOrderCell.swift in Sources */ = {isa = PBXBuildFile; fileRef = 161E5DF6218877650038C44A /* MainOrderCell.swift */; };
		164657E5217C698C005F22A7 /* TryJobsVC.swift in Sources */ = {isa = PBXBuildFile; fileRef = 164657E4217C698C005F22A7 /* TryJobsVC.swift */; };
		164657EA217C6C49005F22A7 /* CVS.swift in Sources */ = {isa = PBXBuildFile; fileRef = 164657E9217C6C49005F22A7 /* CVS.swift */; };
		164657EC217C795F005F22A7 /* JobCell.swift in Sources */ = {isa = PBXBuildFile; fileRef = 164657EB217C795F005F22A7 /* JobCell.swift */; };
		165ECF6B217766E200F7FA0F /* SignUPVC.swift in Sources */ = {isa = PBXBuildFile; fileRef = 165ECF6A217766E200F7FA0F /* SignUPVC.swift */; };
		167199D7217A13590031CB95 /* HomeVC.swift in Sources */ = {isa = PBXBuildFile; fileRef = 167199D6217A13580031CB95 /* HomeVC.swift */; };
		16AE8712217DBF43003C6107 /* ProfileVC.swift in Sources */ = {isa = PBXBuildFile; fileRef = 16AE8711217DBF43003C6107 /* ProfileVC.swift */; };
		16EBF79C2184640500134E05 /* ItemData.swift in Sources */ = {isa = PBXBuildFile; fileRef = 16EBF79B2184640500134E05 /* ItemData.swift */; };
		9D8DF19D92965402243F6152 /* Pods_DakkenApp.framework in Frameworks */ = {isa = PBXBuildFile; fileRef = C01113039E7705157B2952EE /* Pods_DakkenApp.framework */; };
/* End PBXBuildFile section */

/* Begin PBXFileReference section */
		1604138E218478CB0057D60C /* MyProductCell.swift */ = {isa = PBXFileReference; lastKnownFileType = sourcecode.swift; path = MyProductCell.swift; sourceTree = "<group>"; };
		1604139021847A0B0057D60C /* MyProductVC.swift */ = {isa = PBXFileReference; lastKnownFileType = sourcecode.swift; path = MyProductVC.swift; sourceTree = "<group>"; };
		1606D7FD217A3373005278D4 /* ChangePassWordVC.swift */ = {isa = PBXFileReference; lastKnownFileType = sourcecode.swift; path = ChangePassWordVC.swift; sourceTree = "<group>"; };
		1607BB972189D93100A6498F /* SubOrderVC.swift */ = {isa = PBXFileReference; lastKnownFileType = sourcecode.swift; path = SubOrderVC.swift; sourceTree = "<group>"; };
		1607BB992189DC3400A6498F /* superOrderCell.swift */ = {isa = PBXFileReference; lastKnownFileType = sourcecode.swift; path = superOrderCell.swift; sourceTree = "<group>"; };
		1607BB9B2189DEDB00A6498F /* SuperOrder.swift */ = {isa = PBXFileReference; lastKnownFileType = sourcecode.swift; path = SuperOrder.swift; sourceTree = "<group>"; };
		16080E262184C0A3007A7A6B /* BasketCell.swift */ = {isa = PBXFileReference; lastKnownFileType = sourcecode.swift; path = BasketCell.swift; sourceTree = "<group>"; };
		16080E282184C149007A7A6B /* BasketVC.swift */ = {isa = PBXFileReference; lastKnownFileType = sourcecode.swift; path = BasketVC.swift; sourceTree = "<group>"; };
		16083A40217E06AC00A1AB8A /* UpdateJobsVC.swift */ = {isa = PBXFileReference; lastKnownFileType = sourcecode.swift; path = UpdateJobsVC.swift; sourceTree = "<group>"; };
		16083A42217E085800A1AB8A /* StatusCell.swift */ = {isa = PBXFileReference; lastKnownFileType = sourcecode.swift; path = StatusCell.swift; sourceTree = "<group>"; };
		160AE2CE218092550076074C /* OrderVC.swift */ = {isa = PBXFileReference; lastKnownFileType = sourcecode.swift; path = OrderVC.swift; sourceTree = "<group>"; };
		160AE2D0218093980076074C /* subOrderCell.swift */ = {isa = PBXFileReference; lastKnownFileType = sourcecode.swift; path = subOrderCell.swift; sourceTree = "<group>"; };
		160AE2D2218096CD0076074C /* Order.swift */ = {isa = PBXFileReference; lastKnownFileType = sourcecode.swift; path = Order.swift; sourceTree = "<group>"; };
		160F9DB32189C2A40022C829 /* SubOrder.swift */ = {isa = PBXFileReference; lastKnownFileType = sourcecode.swift; path = SubOrder.swift; sourceTree = "<group>"; };
		16159EA1217B2F3F0093B5AF /* HomeproductCell.swift */ = {isa = PBXFileReference; lastKnownFileType = sourcecode.swift; path = HomeproductCell.swift; sourceTree = "<group>"; };
		16159EA3217B321D0093B5AF /* Product.swift */ = {isa = PBXFileReference; lastKnownFileType = sourcecode.swift; path = Product.swift; sourceTree = "<group>"; };
		1616EA4E21762D3100373D16 /* LogInVC.swift */ = {isa = PBXFileReference; lastKnownFileType = sourcecode.swift; path = "LogInVC\U0010.swift"; sourceTree = "<group>"; };
		1618640F21761235000EABAA /* DakkenApp.app */ = {isa = PBXFileReference; explicitFileType = wrapper.application; includeInIndex = 0; path = DakkenApp.app; sourceTree = BUILT_PRODUCTS_DIR; };
		1618641221761235000EABAA /* AppDelegate.swift */ = {isa = PBXFileReference; lastKnownFileType = sourcecode.swift; path = AppDelegate.swift; sourceTree = "<group>"; };
		1618641421761235000EABAA /* ViewController.swift */ = {isa = PBXFileReference; lastKnownFileType = sourcecode.swift; path = ViewController.swift; sourceTree = "<group>"; };
		1618641721761235000EABAA /* Base */ = {isa = PBXFileReference; lastKnownFileType = file.storyboard; name = Base; path = Base.lproj/Main.storyboard; sourceTree = "<group>"; };
		1618641921761235000EABAA /* Assets.xcassets */ = {isa = PBXFileReference; lastKnownFileType = folder.assetcatalog; path = Assets.xcassets; sourceTree = "<group>"; };
		1618641C21761235000EABAA /* Base */ = {isa = PBXFileReference; lastKnownFileType = file.storyboard; name = Base; path = Base.lproj/LaunchScreen.storyboard; sourceTree = "<group>"; };
		1618641E21761235000EABAA /* Info.plist */ = {isa = PBXFileReference; lastKnownFileType = text.plist.xml; path = Info.plist; sourceTree = "<group>"; };
		1618642421761307000EABAA /* ar */ = {isa = PBXFileReference; lastKnownFileType = text.plist.strings; name = ar; path = ar.lproj/Main.strings; sourceTree = "<group>"; };
		1618642521761307000EABAA /* ar */ = {isa = PBXFileReference; lastKnownFileType = text.plist.strings; name = ar; path = ar.lproj/LaunchScreen.strings; sourceTree = "<group>"; };
		1618642921761339000EABAA /* en */ = {isa = PBXFileReference; lastKnownFileType = text.plist.strings; name = en; path = en.lproj/Localizable.strings; sourceTree = "<group>"; };
		1618642B2176133B000EABAA /* ar */ = {isa = PBXFileReference; lastKnownFileType = text.plist.strings; name = ar; path = ar.lproj/Localizable.strings; sourceTree = "<group>"; };
		161864342176138A000EABAA /* LocalizationSystem.swift */ = {isa = PBXFileReference; fileEncoding = 4; lastKnownFileType = sourcecode.swift; path = LocalizationSystem.swift; sourceTree = "<group>"; };
		1618643D2176198D000EABAA /* ChooseSignupVC.swift */ = {isa = PBXFileReference; lastKnownFileType = sourcecode.swift; path = ChooseSignupVC.swift; sourceTree = "<group>"; };
		1618643F2176199E000EABAA /* User.swift */ = {isa = PBXFileReference; lastKnownFileType = sourcecode.swift; path = User.swift; sourceTree = "<group>"; };
		1618644221761CF9000EABAA /* Helper.swift */ = {isa = PBXFileReference; lastKnownFileType = sourcecode.swift; path = Helper.swift; sourceTree = "<group>"; };
		161E5DF6218877650038C44A /* MainOrderCell.swift */ = {isa = PBXFileReference; lastKnownFileType = sourcecode.swift; path = MainOrderCell.swift; sourceTree = "<group>"; };
		164657E4217C698C005F22A7 /* TryJobsVC.swift */ = {isa = PBXFileReference; lastKnownFileType = sourcecode.swift; path = TryJobsVC.swift; sourceTree = "<group>"; };
		164657E9217C6C49005F22A7 /* CVS.swift */ = {isa = PBXFileReference; lastKnownFileType = sourcecode.swift; path = CVS.swift; sourceTree = "<group>"; };
		164657EB217C795F005F22A7 /* JobCell.swift */ = {isa = PBXFileReference; lastKnownFileType = sourcecode.swift; path = JobCell.swift; sourceTree = "<group>"; };
		165ECF6A217766E200F7FA0F /* SignUPVC.swift */ = {isa = PBXFileReference; lastKnownFileType = sourcecode.swift; name = SignUPVC.swift; path = ../SignUPVC.swift; sourceTree = "<group>"; };
		167199D6217A13580031CB95 /* HomeVC.swift */ = {isa = PBXFileReference; lastKnownFileType = sourcecode.swift; path = HomeVC.swift; sourceTree = "<group>"; };
		16AE8711217DBF43003C6107 /* ProfileVC.swift */ = {isa = PBXFileReference; lastKnownFileType = sourcecode.swift; path = ProfileVC.swift; sourceTree = "<group>"; };
		16EBF79B2184640500134E05 /* ItemData.swift */ = {isa = PBXFileReference; lastKnownFileType = sourcecode.swift; path = ItemData.swift; sourceTree = "<group>"; };
		C01113039E7705157B2952EE /* Pods_DakkenApp.framework */ = {isa = PBXFileReference; explicitFileType = wrapper.framework; includeInIndex = 0; path = Pods_DakkenApp.framework; sourceTree = BUILT_PRODUCTS_DIR; };
		D1160FF3D1322A5ADCC9CB3D /* Pods-DakkenApp.debug.xcconfig */ = {isa = PBXFileReference; includeInIndex = 1; lastKnownFileType = text.xcconfig; name = "Pods-DakkenApp.debug.xcconfig"; path = "Pods/Target Support Files/Pods-DakkenApp/Pods-DakkenApp.debug.xcconfig"; sourceTree = "<group>"; };
		DA57055B25249367AEE8D085 /* Pods-DakkenApp.release.xcconfig */ = {isa = PBXFileReference; includeInIndex = 1; lastKnownFileType = text.xcconfig; name = "Pods-DakkenApp.release.xcconfig"; path = "Pods/Target Support Files/Pods-DakkenApp/Pods-DakkenApp.release.xcconfig"; sourceTree = "<group>"; };
/* End PBXFileReference section */

/* Begin PBXFrameworksBuildPhase section */
		1618640C21761235000EABAA /* Frameworks */ = {
			isa = PBXFrameworksBuildPhase;
			buildActionMask = 2147483647;
			files = (
				9D8DF19D92965402243F6152 /* Pods_DakkenApp.framework in Frameworks */,
			);
			runOnlyForDeploymentPostprocessing = 0;
		};
/* End PBXFrameworksBuildPhase section */

/* Begin PBXGroup section */
		1618640621761235000EABAA = {
			isa = PBXGroup;
			children = (
				1618641121761235000EABAA /* DakkenApp */,
				1618641021761235000EABAA /* Products */,
				50FBF502D7B835ED4ECEB636 /* Pods */,
				18502B06227DF2244FAEF465 /* Frameworks */,
			);
			sourceTree = "<group>";
		};
		1618641021761235000EABAA /* Products */ = {
			isa = PBXGroup;
			children = (
				1618640F21761235000EABAA /* DakkenApp.app */,
			);
			name = Products;
			sourceTree = "<group>";
		};
		1618641121761235000EABAA /* DakkenApp */ = {
			isa = PBXGroup;
			children = (
				1618644421761D06000EABAA /* help */,
				16186441217619A7000EABAA /* model */,
				1618643C21761959000EABAA /* controller */,
				1618643721761455000EABAA /* Localization */,
				1618643621761425000EABAA /* View */,
				1618641221761235000EABAA /* AppDelegate.swift */,
				1618641421761235000EABAA /* ViewController.swift */,
				1618641621761235000EABAA /* Main.storyboard */,
				1618641B21761235000EABAA /* LaunchScreen.storyboard */,
				1618641921761235000EABAA /* Assets.xcassets */,
				1618641E21761235000EABAA /* Info.plist */,
			);
			path = DakkenApp;
			sourceTree = "<group>";
		};
		1618643621761425000EABAA /* View */ = {
			isa = PBXGroup;
			children = (
				16159EA1217B2F3F0093B5AF /* HomeproductCell.swift */,
				164657EB217C795F005F22A7 /* JobCell.swift */,
				16083A42217E085800A1AB8A /* StatusCell.swift */,
				160AE2D0218093980076074C /* subOrderCell.swift */,
				1604138E218478CB0057D60C /* MyProductCell.swift */,
				16080E262184C0A3007A7A6B /* BasketCell.swift */,
				161E5DF6218877650038C44A /* MainOrderCell.swift */,
				1607BB992189DC3400A6498F /* superOrderCell.swift */,
			);
			path = View;
			sourceTree = "<group>";
		};
		1618643721761455000EABAA /* Localization */ = {
			isa = PBXGroup;
			children = (
				161864342176138A000EABAA /* LocalizationSystem.swift */,
				1618642A21761339000EABAA /* Localizable.strings */,
			);
			path = Localization;
			sourceTree = "<group>";
		};
		1618643C21761959000EABAA /* controller */ = {
			isa = PBXGroup;
			children = (
				165ECF6A217766E200F7FA0F /* SignUPVC.swift */,
				1618643D2176198D000EABAA /* ChooseSignupVC.swift */,
				1616EA4E21762D3100373D16 /* LogInVC.swift */,
				1606D7FD217A3373005278D4 /* ChangePassWordVC.swift */,
				167199D6217A13580031CB95 /* HomeVC.swift */,
				164657E4217C698C005F22A7 /* TryJobsVC.swift */,
				16AE8711217DBF43003C6107 /* ProfileVC.swift */,
				16083A40217E06AC00A1AB8A /* UpdateJobsVC.swift */,
				160AE2CE218092550076074C /* OrderVC.swift */,
				1604139021847A0B0057D60C /* MyProductVC.swift */,
				16080E282184C149007A7A6B /* BasketVC.swift */,
				1607BB972189D93100A6498F /* SubOrderVC.swift */,
			);
			name = controller;
			path = "New Group";
			sourceTree = "<group>";
		};
		16186441217619A7000EABAA /* model */ = {
			isa = PBXGroup;
			children = (
				1618643F2176199E000EABAA /* User.swift */,
				16159EA3217B321D0093B5AF /* Product.swift */,
				164657E9217C6C49005F22A7 /* CVS.swift */,
				160AE2D2218096CD0076074C /* Order.swift */,
				160F9DB32189C2A40022C829 /* SubOrder.swift */,
				1607BB9B2189DEDB00A6498F /* SuperOrder.swift */,
				16EBF79B2184640500134E05 /* ItemData.swift */,
			);
			name = model;
			path = "New Group1";
			sourceTree = "<group>";
		};
		1618644421761D06000EABAA /* help */ = {
			isa = PBXGroup;
			children = (
				1618644221761CF9000EABAA /* Helper.swift */,
			);
			name = help;
			path = "New Group2";
			sourceTree = "<group>";
		};
		18502B06227DF2244FAEF465 /* Frameworks */ = {
			isa = PBXGroup;
			children = (
				C01113039E7705157B2952EE /* Pods_DakkenApp.framework */,
			);
			name = Frameworks;
			sourceTree = "<group>";
		};
		50FBF502D7B835ED4ECEB636 /* Pods */ = {
			isa = PBXGroup;
			children = (
				D1160FF3D1322A5ADCC9CB3D /* Pods-DakkenApp.debug.xcconfig */,
				DA57055B25249367AEE8D085 /* Pods-DakkenApp.release.xcconfig */,
			);
			name = Pods;
			sourceTree = "<group>";
		};
/* End PBXGroup section */

/* Begin PBXNativeTarget section */
		1618640E21761235000EABAA /* DakkenApp */ = {
			isa = PBXNativeTarget;
			buildConfigurationList = 1618642121761235000EABAA /* Build configuration list for PBXNativeTarget "DakkenApp" */;
			buildPhases = (
				BE9E59E6D092C26C2C160B69 /* [CP] Check Pods Manifest.lock */,
				1618640B21761235000EABAA /* Sources */,
				1618640C21761235000EABAA /* Frameworks */,
				1618640D21761235000EABAA /* Resources */,
				EAF4A9E397542E5AE29581A5 /* [CP] Embed Pods Frameworks */,
			);
			buildRules = (
			);
			dependencies = (
			);
			name = DakkenApp;
			productName = DakkenApp;
			productReference = 1618640F21761235000EABAA /* DakkenApp.app */;
			productType = "com.apple.product-type.application";
		};
/* End PBXNativeTarget section */

/* Begin PBXProject section */
		1618640721761235000EABAA /* Project object */ = {
			isa = PBXProject;
			attributes = {
				LastSwiftUpdateCheck = 0910;
				LastUpgradeCheck = 0910;
				ORGANIZATIONNAME = sayedAbdo;
				TargetAttributes = {
					1618640E21761235000EABAA = {
						CreatedOnToolsVersion = 9.1;
						ProvisioningStyle = Automatic;
					};
				};
			};
			buildConfigurationList = 1618640A21761235000EABAA /* Build configuration list for PBXProject "DakkenApp" */;
			compatibilityVersion = "Xcode 8.0";
			developmentRegion = en;
			hasScannedForEncodings = 0;
			knownRegions = (
				en,
				Base,
				ar,
			);
			mainGroup = 1618640621761235000EABAA;
			productRefGroup = 1618641021761235000EABAA /* Products */;
			projectDirPath = "";
			projectRoot = "";
			targets = (
				1618640E21761235000EABAA /* DakkenApp */,
			);
		};
/* End PBXProject section */

/* Begin PBXResourcesBuildPhase section */
		1618640D21761235000EABAA /* Resources */ = {
			isa = PBXResourcesBuildPhase;
			buildActionMask = 2147483647;
			files = (
				1618641D21761235000EABAA /* LaunchScreen.storyboard in Resources */,
				1618642821761339000EABAA /* Localizable.strings in Resources */,
				1618641A21761235000EABAA /* Assets.xcassets in Resources */,
				1618641821761235000EABAA /* Main.storyboard in Resources */,
			);
			runOnlyForDeploymentPostprocessing = 0;
		};
/* End PBXResourcesBuildPhase section */

/* Begin PBXShellScriptBuildPhase section */
		BE9E59E6D092C26C2C160B69 /* [CP] Check Pods Manifest.lock */ = {
			isa = PBXShellScriptBuildPhase;
			buildActionMask = 2147483647;
			files = (
			);
			inputPaths = (
				"${PODS_PODFILE_DIR_PATH}/Podfile.lock",
				"${PODS_ROOT}/Manifest.lock",
			);
			name = "[CP] Check Pods Manifest.lock";
			outputPaths = (
				"$(DERIVED_FILE_DIR)/Pods-DakkenApp-checkManifestLockResult.txt",
			);
			runOnlyForDeploymentPostprocessing = 0;
			shellPath = /bin/sh;
			shellScript = "diff \"${PODS_PODFILE_DIR_PATH}/Podfile.lock\" \"${PODS_ROOT}/Manifest.lock\" > /dev/null\nif [ $? != 0 ] ; then\n    # print error to STDERR\n    echo \"error: The sandbox is not in sync with the Podfile.lock. Run 'pod install' or update your CocoaPods installation.\" >&2\n    exit 1\nfi\n# This output is used by Xcode 'outputs' to avoid re-running this script phase.\necho \"SUCCESS\" > \"${SCRIPT_OUTPUT_FILE_0}\"\n";
			showEnvVarsInLog = 0;
		};
		EAF4A9E397542E5AE29581A5 /* [CP] Embed Pods Frameworks */ = {
			isa = PBXShellScriptBuildPhase;
			buildActionMask = 2147483647;
			files = (
			);
			inputPaths = (
				"${SRCROOT}/Pods/Target Support Files/Pods-DakkenApp/Pods-DakkenApp-frameworks.sh",
				"${BUILT_PRODUCTS_DIR}/Alamofire/Alamofire.framework",
				"${BUILT_PRODUCTS_DIR}/ScrollableSegmentedControl/ScrollableSegmentedControl.framework",
			);
			name = "[CP] Embed Pods Frameworks";
			outputPaths = (
				"${TARGET_BUILD_DIR}/${FRAMEWORKS_FOLDER_PATH}/Alamofire.framework",
				"${TARGET_BUILD_DIR}/${FRAMEWORKS_FOLDER_PATH}/ScrollableSegmentedControl.framework",
			);
			runOnlyForDeploymentPostprocessing = 0;
			shellPath = /bin/sh;
			shellScript = "\"${SRCROOT}/Pods/Target Support Files/Pods-DakkenApp/Pods-DakkenApp-frameworks.sh\"\n";
			showEnvVarsInLog = 0;
		};
/* End PBXShellScriptBuildPhase section */

/* Begin PBXSourcesBuildPhase section */
		1618640B21761235000EABAA /* Sources */ = {
			isa = PBXSourcesBuildPhase;
			buildActionMask = 2147483647;
			files = (
				16080E292184C149007A7A6B /* BasketVC.swift in Sources */,
				161864352176138A000EABAA /* LocalizationSystem.swift in Sources */,
				1607BB9A2189DC3400A6498F /* superOrderCell.swift in Sources */,
				165ECF6B217766E200F7FA0F /* SignUPVC.swift in Sources */,
				160AE2D1218093980076074C /* subOrderCell.swift in Sources */,
				164657EA217C6C49005F22A7 /* CVS.swift in Sources */,
				164657EC217C795F005F22A7 /* JobCell.swift in Sources */,
				16AE8712217DBF43003C6107 /* ProfileVC.swift in Sources */,
				160F9DB42189C2A40022C829 /* SubOrder.swift in Sources */,
				160AE2D3218096CD0076074C /* Order.swift in Sources */,
				16083A43217E085800A1AB8A /* StatusCell.swift in Sources */,
				1618643E2176198D000EABAA /* ChooseSignupVC.swift in Sources */,
				1604138F218478CB0057D60C /* MyProductCell.swift in Sources */,
				167199D7217A13590031CB95 /* HomeVC.swift in Sources */,
				16EBF79C2184640500134E05 /* ItemData.swift in Sources */,
				1618641521761235000EABAA /* ViewController.swift in Sources */,
				16159EA4217B321D0093B5AF /* Product.swift in Sources */,
				16083A41217E06AC00A1AB8A /* UpdateJobsVC.swift in Sources */,
				1616EA4F21762D3100373D16 /* LogInVC.swift in Sources */,
				1607BB982189D93100A6498F /* SubOrderVC.swift in Sources */,
				1618641321761235000EABAA /* AppDelegate.swift in Sources */,
				160AE2CF218092550076074C /* OrderVC.swift in Sources */,
				161E5DF7218877650038C44A /* MainOrderCell.swift in Sources */,
				1607BB9C2189DEDB00A6498F /* SuperOrder.swift in Sources */,
				1606D7FE217A3373005278D4 /* ChangePassWordVC.swift in Sources */,
				161864402176199E000EABAA /* User.swift in Sources */,
				1604139121847A0B0057D60C /* MyProductVC.swift in Sources */,
				164657E5217C698C005F22A7 /* TryJobsVC.swift in Sources */,
				16080E272184C0A3007A7A6B /* BasketCell.swift in Sources */,
				1618644321761CF9000EABAA /* Helper.swift in Sources */,
				16159EA2217B2F3F0093B5AF /* HomeproductCell.swift in Sources */,
			);
			runOnlyForDeploymentPostprocessing = 0;
		};
/* End PBXSourcesBuildPhase section */

/* Begin PBXVariantGroup section */
		1618641621761235000EABAA /* Main.storyboard */ = {
			isa = PBXVariantGroup;
			children = (
				1618641721761235000EABAA /* Base */,
				1618642421761307000EABAA /* ar */,
			);
			name = Main.storyboard;
			sourceTree = "<group>";
		};
		1618641B21761235000EABAA /* LaunchScreen.storyboard */ = {
			isa = PBXVariantGroup;
			children = (
				1618641C21761235000EABAA /* Base */,
				1618642521761307000EABAA /* ar */,
			);
			name = LaunchScreen.storyboard;
			sourceTree = "<group>";
		};
		1618642A21761339000EABAA /* Localizable.strings */ = {
			isa = PBXVariantGroup;
			children = (
				1618642921761339000EABAA /* en */,
				1618642B2176133B000EABAA /* ar */,
			);
			name = Localizable.strings;
			sourceTree = "<group>";
		};
/* End PBXVariantGroup section */

/* Begin XCBuildConfiguration section */
		1618641F21761235000EABAA /* Debug */ = {
			isa = XCBuildConfiguration;
			buildSettings = {
				ALWAYS_SEARCH_USER_PATHS = NO;
				CLANG_ANALYZER_LOCALIZABILITY_NONLOCALIZED = YES;
				CLANG_ANALYZER_NONNULL = YES;
				CLANG_ANALYZER_NUMBER_OBJECT_CONVERSION = YES_AGGRESSIVE;
				CLANG_CXX_LANGUAGE_STANDARD = "gnu++14";
				CLANG_CXX_LIBRARY = "libc++";
				CLANG_ENABLE_MODULES = YES;
				CLANG_ENABLE_OBJC_ARC = YES;
				CLANG_WARN_BLOCK_CAPTURE_AUTORELEASING = YES;
				CLANG_WARN_BOOL_CONVERSION = YES;
				CLANG_WARN_COMMA = YES;
				CLANG_WARN_CONSTANT_CONVERSION = YES;
				CLANG_WARN_DIRECT_OBJC_ISA_USAGE = YES_ERROR;
				CLANG_WARN_DOCUMENTATION_COMMENTS = YES;
				CLANG_WARN_EMPTY_BODY = YES;
				CLANG_WARN_ENUM_CONVERSION = YES;
				CLANG_WARN_INFINITE_RECURSION = YES;
				CLANG_WARN_INT_CONVERSION = YES;
				CLANG_WARN_NON_LITERAL_NULL_CONVERSION = YES;
				CLANG_WARN_OBJC_LITERAL_CONVERSION = YES;
				CLANG_WARN_OBJC_ROOT_CLASS = YES_ERROR;
				CLANG_WARN_RANGE_LOOP_ANALYSIS = YES;
				CLANG_WARN_STRICT_PROTOTYPES = YES;
				CLANG_WARN_SUSPICIOUS_MOVE = YES;
				CLANG_WARN_UNGUARDED_AVAILABILITY = YES_AGGRESSIVE;
				CLANG_WARN_UNREACHABLE_CODE = YES;
				CLANG_WARN__DUPLICATE_METHOD_MATCH = YES;
				CODE_SIGN_IDENTITY = "iPhone Developer";
				COPY_PHASE_STRIP = NO;
				DEBUG_INFORMATION_FORMAT = dwarf;
				ENABLE_STRICT_OBJC_MSGSEND = YES;
				ENABLE_TESTABILITY = YES;
				GCC_C_LANGUAGE_STANDARD = gnu11;
				GCC_DYNAMIC_NO_PIC = NO;
				GCC_NO_COMMON_BLOCKS = YES;
				GCC_OPTIMIZATION_LEVEL = 0;
				GCC_PREPROCESSOR_DEFINITIONS = (
					"DEBUG=1",
					"$(inherited)",
				);
				GCC_WARN_64_TO_32_BIT_CONVERSION = YES;
				GCC_WARN_ABOUT_RETURN_TYPE = YES_ERROR;
				GCC_WARN_UNDECLARED_SELECTOR = YES;
				GCC_WARN_UNINITIALIZED_AUTOS = YES_AGGRESSIVE;
				GCC_WARN_UNUSED_FUNCTION = YES;
				GCC_WARN_UNUSED_VARIABLE = YES;
				IPHONEOS_DEPLOYMENT_TARGET = 11.1;
				MTL_ENABLE_DEBUG_INFO = YES;
				ONLY_ACTIVE_ARCH = YES;
				SDKROOT = iphoneos;
				SWIFT_ACTIVE_COMPILATION_CONDITIONS = DEBUG;
				SWIFT_OPTIMIZATION_LEVEL = "-Onone";
			};
			name = Debug;
		};
		1618642021761235000EABAA /* Release */ = {
			isa = XCBuildConfiguration;
			buildSettings = {
				ALWAYS_SEARCH_USER_PATHS = NO;
				CLANG_ANALYZER_LOCALIZABILITY_NONLOCALIZED = YES;
				CLANG_ANALYZER_NONNULL = YES;
				CLANG_ANALYZER_NUMBER_OBJECT_CONVERSION = YES_AGGRESSIVE;
				CLANG_CXX_LANGUAGE_STANDARD = "gnu++14";
				CLANG_CXX_LIBRARY = "libc++";
				CLANG_ENABLE_MODULES = YES;
				CLANG_ENABLE_OBJC_ARC = YES;
				CLANG_WARN_BLOCK_CAPTURE_AUTORELEASING = YES;
				CLANG_WARN_BOOL_CONVERSION = YES;
				CLANG_WARN_COMMA = YES;
				CLANG_WARN_CONSTANT_CONVERSION = YES;
				CLANG_WARN_DIRECT_OBJC_ISA_USAGE = YES_ERROR;
				CLANG_WARN_DOCUMENTATION_COMMENTS = YES;
				CLANG_WARN_EMPTY_BODY = YES;
				CLANG_WARN_ENUM_CONVERSION = YES;
				CLANG_WARN_INFINITE_RECURSION = YES;
				CLANG_WARN_INT_CONVERSION = YES;
				CLANG_WARN_NON_LITERAL_NULL_CONVERSION = YES;
				CLANG_WARN_OBJC_LITERAL_CONVERSION = YES;
				CLANG_WARN_OBJC_ROOT_CLASS = YES_ERROR;
				CLANG_WARN_RANGE_LOOP_ANALYSIS = YES;
				CLANG_WARN_STRICT_PROTOTYPES = YES;
				CLANG_WARN_SUSPICIOUS_MOVE = YES;
				CLANG_WARN_UNGUARDED_AVAILABILITY = YES_AGGRESSIVE;
				CLANG_WARN_UNREACHABLE_CODE = YES;
				CLANG_WARN__DUPLICATE_METHOD_MATCH = YES;
				CODE_SIGN_IDENTITY = "iPhone Developer";
				COPY_PHASE_STRIP = NO;
				DEBUG_INFORMATION_FORMAT = "dwarf-with-dsym";
				ENABLE_NS_ASSERTIONS = NO;
				ENABLE_STRICT_OBJC_MSGSEND = YES;
				GCC_C_LANGUAGE_STANDARD = gnu11;
				GCC_NO_COMMON_BLOCKS = YES;
				GCC_WARN_64_TO_32_BIT_CONVERSION = YES;
				GCC_WARN_ABOUT_RETURN_TYPE = YES_ERROR;
				GCC_WARN_UNDECLARED_SELECTOR = YES;
				GCC_WARN_UNINITIALIZED_AUTOS = YES_AGGRESSIVE;
				GCC_WARN_UNUSED_FUNCTION = YES;
				GCC_WARN_UNUSED_VARIABLE = YES;
				IPHONEOS_DEPLOYMENT_TARGET = 11.1;
				MTL_ENABLE_DEBUG_INFO = NO;
				SDKROOT = iphoneos;
				SWIFT_OPTIMIZATION_LEVEL = "-Owholemodule";
				VALIDATE_PRODUCT = YES;
			};
			name = Release;
		};
		1618642221761235000EABAA /* Debug */ = {
			isa = XCBuildConfiguration;
			baseConfigurationReference = D1160FF3D1322A5ADCC9CB3D /* Pods-DakkenApp.debug.xcconfig */;
			buildSettings = {
				ASSETCATALOG_COMPILER_APPICON_NAME = AppIcon;
				CODE_SIGN_STYLE = Automatic;
				INFOPLIST_FILE = DakkenApp/Info.plist;
				LD_RUNPATH_SEARCH_PATHS = "$(inherited) @executable_path/Frameworks";
				PRODUCT_BUNDLE_IDENTIFIER = Sayed.abdo.DakkenApp;
				PRODUCT_NAME = "$(TARGET_NAME)";
				SWIFT_VERSION = 4.0;
				TARGETED_DEVICE_FAMILY = "1,2";
			};
			name = Debug;
		};
		1618642321761235000EABAA /* Release */ = {
			isa = XCBuildConfiguration;
			baseConfigurationReference = DA57055B25249367AEE8D085 /* Pods-DakkenApp.release.xcconfig */;
			buildSettings = {
				ASSETCATALOG_COMPILER_APPICON_NAME = AppIcon;
				CODE_SIGN_STYLE = Automatic;
				INFOPLIST_FILE = DakkenApp/Info.plist;
				LD_RUNPATH_SEARCH_PATHS = "$(inherited) @executable_path/Frameworks";
				PRODUCT_BUNDLE_IDENTIFIER = Sayed.abdo.DakkenApp;
				PRODUCT_NAME = "$(TARGET_NAME)";
				SWIFT_VERSION = 4.0;
				TARGETED_DEVICE_FAMILY = "1,2";
			};
			name = Release;
		};
/* End XCBuildConfiguration section */

/* Begin XCConfigurationList section */
		1618640A21761235000EABAA /* Build configuration list for PBXProject "DakkenApp" */ = {
			isa = XCConfigurationList;
			buildConfigurations = (
				1618641F21761235000EABAA /* Debug */,
				1618642021761235000EABAA /* Release */,
			);
			defaultConfigurationIsVisible = 0;
			defaultConfigurationName = Release;
		};
		1618642121761235000EABAA /* Build configuration list for PBXNativeTarget "DakkenApp" */ = {
			isa = XCConfigurationList;
			buildConfigurations = (
				1618642221761235000EABAA /* Debug */,
				1618642321761235000EABAA /* Release */,
			);
			defaultConfigurationIsVisible = 0;
			defaultConfigurationName = Release;
		};
/* End XCConfigurationList section */
	};
	rootObject = 1618640721761235000EABAA /* Project object */;
}
